
Microsoft Visual Studio Solution File, Format Version 12.00
# Visual Studio Version 17
VisualStudioVersion = 17.14.36127.28 d17.14
MinimumVisualStudioVersion = 10.0.40219.1
Project("{FAE04EC0-301F-11D3-BF4B-00C04F79EFBC}") = "HtmlHelper3", "HtmlHelper3\HtmlHelper3.csproj", "{EAB2ECF2-7763-4946-BCCA-94A7FBFF27CF}"
EndProject
Global
	GlobalSection(SolutionConfigurationPlatforms) = preSolution
		Debug|Any CPU = Debug|Any CPU
		Release|Any CPU = Release|Any CPU
	EndGlobalSection
	GlobalSection(ProjectConfigurationPlatforms) = postSolution
		{EAB2ECF2-7763-4946-BCCA-94A7FBFF27CF}.Debug|Any CPU.ActiveCfg = Debug|Any CPU
		{EAB2ECF2-7763-4946-BCCA-94A7FBFF27CF}.Debug|Any CPU.Build.0 = Debug|Any CPU
		{EAB2ECF2-7763-4946-BCCA-94A7FBFF27CF}.Release|Any CPU.ActiveCfg = Release|Any CPU
		{EAB2ECF2-7763-4946-BCCA-94A7FBFF27CF}.Release|Any CPU.Build.0 = Release|Any CPU
	EndGlobalSection
	GlobalSection(SolutionProperties) = preSolution
		HideSolutionNode = FALSE
	EndGlobalSection
	GlobalSection(ExtensibilityGlobals) = postSolution
		SolutionGuid = {008FDEC7-6E02-4D2E-B2F0-DA39E3714B38}
	EndGlobalSection
EndGlobal
